
Microsoft Visual Studio Solution File, Format Version 12.00
# Visual Studio Version 16
VisualStudioVersion = 16.0.29613.14
MinimumVisualStudioVersion = 10.0.40219.1
Project("{FAE04EC0-301F-11D3-BF4B-00C04F79EFBC}") = "MainGateway", "MainGateway.csproj", "{7DBCB144-CFF0-4A24-A4B5-54BCCE613F36}"
EndProject
Project("{9A19103F-16F7-4668-BE54-9A1E7A4F7556}") = "Identity", "..\..\MicroServices\Identity\Identity.csproj", "{97D9FB8B-EC00-455C-92EB-431C131698C1}"
EndProject
Global
	GlobalSection(SolutionConfigurationPlatforms) = preSolution
		Debug|Any CPU = Debug|Any CPU
		Release|Any CPU = Release|Any CPU
	EndGlobalSection
	GlobalSection(ProjectConfigurationPlatforms) = postSolution
		{7DBCB144-CFF0-4A24-A4B5-54BCCE613F36}.Debug|Any CPU.ActiveCfg = Debug|Any CPU
		{7DBCB144-CFF0-4A24-A4B5-54BCCE613F36}.Debug|Any CPU.Build.0 = Debug|Any CPU
		{7DBCB144-CFF0-4A24-A4B5-54BCCE613F36}.Release|Any CPU.ActiveCfg = Release|Any CPU
		{7DBCB144-CFF0-4A24-A4B5-54BCCE613F36}.Release|Any CPU.Build.0 = Release|Any CPU
		{97D9FB8B-EC00-455C-92EB-431C131698C1}.Debug|Any CPU.ActiveCfg = Debug|Any CPU
		{97D9FB8B-EC00-455C-92EB-431C131698C1}.Debug|Any CPU.Build.0 = Debug|Any CPU
		{97D9FB8B-EC00-455C-92EB-431C131698C1}.Release|Any CPU.ActiveCfg = Release|Any CPU
		{97D9FB8B-EC00-455C-92EB-431C131698C1}.Release|Any CPU.Build.0 = Release|Any CPU
	EndGlobalSection
	GlobalSection(SolutionProperties) = preSolution
		HideSolutionNode = FALSE
	EndGlobalSection
	GlobalSection(ExtensibilityGlobals) = postSolution
		SolutionGuid = {D9EEA2F6-814E-4968-B34B-F91096C6A474}
	EndGlobalSection
EndGlobal
