
Microsoft Visual Studio Solution File, Format Version 12.00
# Visual Studio Version 16
VisualStudioVersion = 16.0.30104.148
MinimumVisualStudioVersion = 10.0.40219.1
Project("{9A19103F-16F7-4668-BE54-9A1E7A4F7556}") = "KeyStore.Service", "KeyStore.Service\KeyStore.Service.csproj", "{A5EDD781-3AE5-464F-AE5D-0545954ECA02}"
EndProject
Project("{FAE04EC0-301F-11D3-BF4B-00C04F79EFBC}") = "KeyStore.API", "KeyStore.API\KeyStore.API.csproj", "{C6BA9A3F-2748-4635-AB3F-96A8D4085C16}"
EndProject
Project("{FAE04EC0-301F-11D3-BF4B-00C04F79EFBC}") = "KeyStore.Console", "KeyStore.Console\KeyStore.Console.csproj", "{97E4147D-31B1-42AE-978B-CA0BA8C5FCF0}"
EndProject
Global
	GlobalSection(SolutionConfigurationPlatforms) = preSolution
		Debug|Any CPU = Debug|Any CPU
		Release|Any CPU = Release|Any CPU
	EndGlobalSection
	GlobalSection(ProjectConfigurationPlatforms) = postSolution
		{A5EDD781-3AE5-464F-AE5D-0545954ECA02}.Debug|Any CPU.ActiveCfg = Debug|Any CPU
		{A5EDD781-3AE5-464F-AE5D-0545954ECA02}.Debug|Any CPU.Build.0 = Debug|Any CPU
		{A5EDD781-3AE5-464F-AE5D-0545954ECA02}.Release|Any CPU.ActiveCfg = Release|Any CPU
		{A5EDD781-3AE5-464F-AE5D-0545954ECA02}.Release|Any CPU.Build.0 = Release|Any CPU
		{C6BA9A3F-2748-4635-AB3F-96A8D4085C16}.Debug|Any CPU.ActiveCfg = Debug|Any CPU
		{C6BA9A3F-2748-4635-AB3F-96A8D4085C16}.Debug|Any CPU.Build.0 = Debug|Any CPU
		{C6BA9A3F-2748-4635-AB3F-96A8D4085C16}.Release|Any CPU.ActiveCfg = Release|Any CPU
		{C6BA9A3F-2748-4635-AB3F-96A8D4085C16}.Release|Any CPU.Build.0 = Release|Any CPU
		{97E4147D-31B1-42AE-978B-CA0BA8C5FCF0}.Debug|Any CPU.ActiveCfg = Debug|Any CPU
		{97E4147D-31B1-42AE-978B-CA0BA8C5FCF0}.Debug|Any CPU.Build.0 = Debug|Any CPU
		{97E4147D-31B1-42AE-978B-CA0BA8C5FCF0}.Release|Any CPU.ActiveCfg = Release|Any CPU
		{97E4147D-31B1-42AE-978B-CA0BA8C5FCF0}.Release|Any CPU.Build.0 = Release|Any CPU
	EndGlobalSection
	GlobalSection(SolutionProperties) = preSolution
		HideSolutionNode = FALSE
	EndGlobalSection
	GlobalSection(ExtensibilityGlobals) = postSolution
		SolutionGuid = {1EB03074-9473-47C0-8914-A13D36F2FD41}
	EndGlobalSection
EndGlobal
