
Microsoft Visual Studio Solution File, Format Version 12.00
# Visual Studio Version 16
VisualStudioVersion = 16.0.29709.97
MinimumVisualStudioVersion = 10.0.40219.1
Project("{9A19103F-16F7-4668-BE54-9A1E7A4F7556}") = "RainMaker.Data", "Rainmaker.Data\RainMaker.Data.csproj", "{5320331B-1D4B-4EAA-A0CF-50BB1238A522}"
EndProject
Project("{9A19103F-16F7-4668-BE54-9A1E7A4F7556}") = "RainMaker.Entity", "RainMaker.Entity\RainMaker.Entity.csproj", "{FEF50C14-79D4-412F-990B-1CC27DC776BF}"
EndProject
Global
	GlobalSection(SolutionConfigurationPlatforms) = preSolution
		Debug|Any CPU = Debug|Any CPU
		Release|Any CPU = Release|Any CPU
	EndGlobalSection
	GlobalSection(ProjectConfigurationPlatforms) = postSolution
		{5320331B-1D4B-4EAA-A0CF-50BB1238A522}.Debug|Any CPU.ActiveCfg = Debug|Any CPU
		{5320331B-1D4B-4EAA-A0CF-50BB1238A522}.Debug|Any CPU.Build.0 = Debug|Any CPU
		{5320331B-1D4B-4EAA-A0CF-50BB1238A522}.Release|Any CPU.ActiveCfg = Release|Any CPU
		{5320331B-1D4B-4EAA-A0CF-50BB1238A522}.Release|Any CPU.Build.0 = Release|Any CPU
		{FEF50C14-79D4-412F-990B-1CC27DC776BF}.Debug|Any CPU.ActiveCfg = Debug|Any CPU
		{FEF50C14-79D4-412F-990B-1CC27DC776BF}.Debug|Any CPU.Build.0 = Debug|Any CPU
		{FEF50C14-79D4-412F-990B-1CC27DC776BF}.Release|Any CPU.ActiveCfg = Release|Any CPU
		{FEF50C14-79D4-412F-990B-1CC27DC776BF}.Release|Any CPU.Build.0 = Release|Any CPU
	EndGlobalSection
	GlobalSection(SolutionProperties) = preSolution
		HideSolutionNode = FALSE
	EndGlobalSection
	GlobalSection(ExtensibilityGlobals) = postSolution
		SolutionGuid = {FF407F65-B721-40BF-8138-C615DC15C2FA}
	EndGlobalSection
EndGlobal
