
Microsoft Visual Studio Solution File, Format Version 12.00
# Visual Studio Version 16
VisualStudioVersion = 16.0.29613.14
MinimumVisualStudioVersion = 10.0.40219.1
Project("{9A19103F-16F7-4668-BE54-9A1E7A4F7556}") = "MainGateway", "..\APIGateways\MainGateway\MainGateway.csproj", "{0FD5708B-CBE3-48DE-BA04-0DDCB376BA16}"
EndProject
Project("{2150E333-8FDC-42A3-9474-1A3956D46DE8}") = "Gateways", "Gateways", "{D2C6E1D8-A10D-4E28-9765-EA493DF43F6D}"
EndProject
Project("{2150E333-8FDC-42A3-9474-1A3956D46DE8}") = "Microservices", "Microservices", "{E0FB9C7C-9C8F-4C2E-95DD-E025A45C520F}"
EndProject
Project("{9A19103F-16F7-4668-BE54-9A1E7A4F7556}") = "DocumentManagement.API", "..\MicroServices\DocumentManagement\DocumentManagement.API\DocumentManagement.API.csproj", "{0493A306-E6EE-430F-942A-D2A10044E00A}"
EndProject
Project("{2150E333-8FDC-42A3-9474-1A3956D46DE8}") = "DocumentManagement", "DocumentManagement", "{2D33F704-EA79-499B-9324-849273D81C6A}"
EndProject
Project("{9A19103F-16F7-4668-BE54-9A1E7A4F7556}") = "DocumentManagement.Entity", "..\MicroServices\DocumentManagement\DocumentManagement.Entity\DocumentManagement.Entity.csproj", "{1D9C9749-B194-472B-BA5D-CA81402CD985}"
EndProject
Project("{9A19103F-16F7-4668-BE54-9A1E7A4F7556}") = "DocumentManagement.Model", "..\MicroServices\DocumentManagement\DocumentManagement.Model\DocumentManagement.Model.csproj", "{89BECC67-CEA0-481C-882D-B78ACCBC2033}"
EndProject
Project("{9A19103F-16F7-4668-BE54-9A1E7A4F7556}") = "DocumentManagement.Service", "..\MicroServices\DocumentManagement\DocumentManagement.Service\DocumentManagement.Service.csproj", "{2856463A-9540-4C5D-AFE9-39BFF022816D}"
EndProject
Project("{9A19103F-16F7-4668-BE54-9A1E7A4F7556}") = "DocumentManagement.Tests", "..\MicroServices\DocumentManagement\DocumentManagement.Tests\DocumentManagement.Tests.csproj", "{F7364A86-32AB-4253-99D9-701ED94C6BA7}"
EndProject
Project("{2150E333-8FDC-42A3-9474-1A3956D46DE8}") = "Identity", "Identity", "{22F48F21-2A1F-474C-B7BA-F62DEB0A211C}"
EndProject
Project("{9A19103F-16F7-4668-BE54-9A1E7A4F7556}") = "Identity", "..\MicroServices\Identity\Identity.API\Identity.csproj", "{9CBC80F0-92B0-419A-A2CC-8F15E76DACA2}"
EndProject
Project("{2150E333-8FDC-42A3-9474-1A3956D46DE8}") = "KeyStore", "KeyStore", "{E4D07B6F-B594-49BA-BA4F-3D8115776F30}"
EndProject
Project("{9A19103F-16F7-4668-BE54-9A1E7A4F7556}") = "KeyStore.API", "..\MicroServices\KeyStore\KeyStore.API\KeyStore.API.csproj", "{D076EC42-04A2-4D94-A57E-F1BD3B2C3F2D}"
EndProject
Project("{9A19103F-16F7-4668-BE54-9A1E7A4F7556}") = "KeyStore.Console", "..\MicroServices\KeyStore\KeyStore.Console\KeyStore.Console.csproj", "{6DBDDABE-6BE0-4DFE-9727-4F1AC9CE991A}"
EndProject
Project("{9A19103F-16F7-4668-BE54-9A1E7A4F7556}") = "KeyStore.Service", "..\MicroServices\KeyStore\KeyStore.Service\KeyStore.Service.csproj", "{ECA7621F-47D9-4160-856A-3D4B7D95B6E1}"
EndProject
Project("{9A19103F-16F7-4668-BE54-9A1E7A4F7556}") = "Rainmaker.API", "..\MicroServices\Rainmaker\Rainmaker.API\Rainmaker.API.csproj", "{6F568359-A615-4A3E-B330-0D734777B9BE}"
EndProject
Project("{2150E333-8FDC-42A3-9474-1A3956D46DE8}") = "Rainmaker", "Rainmaker", "{60455E47-E82D-44BE-A52D-96D6E9C1331C}"
EndProject
Project("{9A19103F-16F7-4668-BE54-9A1E7A4F7556}") = "RainMaker.Common", "..\MicroServices\Rainmaker\RainMaker.Common\RainMaker.Common.csproj", "{26D4C1D2-6891-47F6-83DF-6A6FD87E40E5}"
EndProject
Project("{9A19103F-16F7-4668-BE54-9A1E7A4F7556}") = "RainMaker.Data", "..\MicroServices\Rainmaker\Rainmaker.Data\RainMaker.Data.csproj", "{9D70F541-F492-4593-8FCF-93C861FC6197}"
EndProject
Project("{9A19103F-16F7-4668-BE54-9A1E7A4F7556}") = "RainMaker.Entity", "..\MicroServices\Rainmaker\RainMaker.Entity\RainMaker.Entity.csproj", "{F588C42E-2400-4077-AE06-95C5BDFE7EB2}"
EndProject
Project("{9A19103F-16F7-4668-BE54-9A1E7A4F7556}") = "Rainmaker.Model", "..\MicroServices\Rainmaker\Rainmaker.Model\Rainmaker.Model.csproj", "{3B067396-AAEC-44CE-80C8-9B5D5B7E856D}"
EndProject
Project("{9A19103F-16F7-4668-BE54-9A1E7A4F7556}") = "Rainmaker.Service", "..\MicroServices\Rainmaker\Rainmaker.Service\Rainmaker.Service.csproj", "{3D4CDA9B-2BCF-4C1D-AFCE-EFF1F4EC3A04}"
EndProject
Project("{9A19103F-16F7-4668-BE54-9A1E7A4F7556}") = "Rainmaker.Test", "..\MicroServices\Rainmaker\RainmakerTest\Rainmaker.Test.csproj", "{A7F035EA-99AC-4897-9779-DFDF512A71D6}"
EndProject
Project("{2150E333-8FDC-42A3-9474-1A3956D46DE8}") = "LosIntegration", "LosIntegration", "{72A77178-843D-45F0-BCA5-50B97D4EDE30}"
EndProject
Project("{9A19103F-16F7-4668-BE54-9A1E7A4F7556}") = "LosIntegration.API", "..\MicroServices\LosIntegration\LosIntegration.API\LosIntegration.API.csproj", "{AA3DC286-712F-4983-A08C-85B4860B1A34}"
EndProject
Project("{2150E333-8FDC-42A3-9474-1A3956D46DE8}") = "ByteWebConnector", "ByteWebConnector", "{EB4C197E-E8F0-446A-BE23-9E4F4C763938}"
EndProject
Project("{9A19103F-16F7-4668-BE54-9A1E7A4F7556}") = "ByteWebConnector.API", "..\MicroServices\ByteWebConnector\ByteWebConnector.API\ByteWebConnector.API.csproj", "{705B576C-0479-475D-B269-7F76CC3A9487}"
EndProject
Project("{9A19103F-16F7-4668-BE54-9A1E7A4F7556}") = "LosIntegration.Data", "..\MicroServices\LosIntegration\LosIntegration.Data\LosIntegration.Data.csproj", "{03E05CFD-C70A-4D0D-872A-9D090B92FE53}"
EndProject
Project("{9A19103F-16F7-4668-BE54-9A1E7A4F7556}") = "LosIntegration.Entity", "..\MicroServices\LosIntegration\LosIntegration.Entity\LosIntegration.Entity.csproj", "{6CE6B4F0-9345-4A7C-83CF-D62A822ACBC8}"
EndProject
Project("{9A19103F-16F7-4668-BE54-9A1E7A4F7556}") = "LosIntegration.Service", "..\MicroServices\LosIntegration\LosIntegration.Service\LosIntegration.Service.csproj", "{A1D94485-4EDA-47CF-A37B-5B1C2A7ABC33}"
EndProject
Project("{9A19103F-16F7-4668-BE54-9A1E7A4F7556}") = "LosIntegration.Model", "..\MicroServices\LosIntegration\LosIntegration.Model\LosIntegration.Model.csproj", "{27E5E216-3585-4256-A7D8-B8B3835EE6EC}"
EndProject
Project("{9A19103F-16F7-4668-BE54-9A1E7A4F7556}") = "ServiceCallHelper", "..\Library\ServiceCallHelper\ServiceCallHelper.csproj", "{DE4DE5FA-4753-4605-A02F-A8F8B83F83D0}"
EndProject
Project("{2150E333-8FDC-42A3-9474-1A3956D46DE8}") = "Library", "Library", "{0D6213DF-0CE6-437E-8764-D987824AFF60}"
EndProject
Project("{9A19103F-16F7-4668-BE54-9A1E7A4F7556}") = "Extensions", "..\Library\Extensions\Extensions.csproj", "{B62EA060-DC9F-41C0-95EE-189F03CFAE29}"
EndProject
Project("{9A19103F-16F7-4668-BE54-9A1E7A4F7556}") = "TrackableEntities.Common.Core", "..\Library\URF\TrackableEntities.Common.Core\TrackableEntities.Common.Core.csproj", "{A5EDD681-65D7-4EE4-907B-9CC6E02A4691}"
EndProject
Project("{9A19103F-16F7-4668-BE54-9A1E7A4F7556}") = "TrackableEntities.EF.Core", "..\Library\URF\TrackableEntities.EF.Core\TrackableEntities.EF.Core.csproj", "{2737BBDF-AFFA-476E-B52A-21F00F271CC7}"
EndProject
Project("{9A19103F-16F7-4668-BE54-9A1E7A4F7556}") = "URF.Core.Abstractions", "..\Library\URF\URF.Core.Abstractions\URF.Core.Abstractions.csproj", "{C54A8352-8F21-447F-ACE7-344E7F59585A}"
EndProject
Project("{9A19103F-16F7-4668-BE54-9A1E7A4F7556}") = "URF.Core.EF", "..\Library\URF\URF.Core.EF\URF.Core.EF.csproj", "{952621B0-DED9-4B95-8884-F1F738DAADBD}"
EndProject
Project("{2150E333-8FDC-42A3-9474-1A3956D46DE8}") = "Notification", "Notification", "{2A93B2EC-08B6-4A8A-994C-32A8590D3CBD}"
EndProject
Project("{9A19103F-16F7-4668-BE54-9A1E7A4F7556}") = "Notification.API", "..\MicroServices\Notification\Notification.API\Notification.API.csproj", "{58B8C1BE-1875-419D-BCCA-B4DFE5BF77BF}"
EndProject
Project("{9A19103F-16F7-4668-BE54-9A1E7A4F7556}") = "Notification.Common", "..\MicroServices\Notification\Notification.Common\Notification.Common.csproj", "{FB4F4CA7-4F44-4FCF-AE61-DBBE2478FAA3}"
EndProject
Project("{9A19103F-16F7-4668-BE54-9A1E7A4F7556}") = "Notification.Data", "..\MicroServices\Notification\Notification.Data\Notification.Data.csproj", "{5B30A224-6F15-4825-B69A-7C72F014F017}"
EndProject
Project("{9A19103F-16F7-4668-BE54-9A1E7A4F7556}") = "Notification.Entity", "..\MicroServices\Notification\Notification.Entity\Notification.Entity.csproj", "{FDB69405-D181-46CE-993C-E697E4043C95}"
EndProject
Project("{9A19103F-16F7-4668-BE54-9A1E7A4F7556}") = "Notification.Model", "..\MicroServices\Notification\Notification.Model\Notification.Model.csproj", "{B67540FA-5211-4CC3-90DC-E10C4AA43A6E}"
EndProject
Project("{9A19103F-16F7-4668-BE54-9A1E7A4F7556}") = "Notification.Service", "..\MicroServices\Notification\Notification.Service\Notification.Service.csproj", "{2D90FC89-9277-405C-9379-C25620DFA76A}"
EndProject
Project("{9A19103F-16F7-4668-BE54-9A1E7A4F7556}") = "Notification.Tests", "..\MicroServices\Notification\Notification.Tests\Notification.Tests.csproj", "{965D70F5-4D9A-483A-9B6E-F6BA5E160FDC}"
EndProject
Project("{9A19103F-16F7-4668-BE54-9A1E7A4F7556}") = "ByteWebConnector.Data", "..\MicroServices\ByteWebConnector\ByteWebConnector.Data\ByteWebConnector.Data.csproj", "{ACA067ED-490D-4A80-9591-C8A188ECADCF}"
EndProject
Project("{9A19103F-16F7-4668-BE54-9A1E7A4F7556}") = "ByteWebConnector.Entity", "..\MicroServices\ByteWebConnector\ByteWebConnector.Entity\ByteWebConnector.Entity.csproj", "{CDAAF5CB-F038-45E3-9A0D-8B166E36E493}"
EndProject
Project("{9A19103F-16F7-4668-BE54-9A1E7A4F7556}") = "ByteWebConnector.Model", "..\MicroServices\ByteWebConnector\ByteWebConnector.Model\ByteWebConnector.Model.csproj", "{762C32EE-B47D-4609-8805-AAC2135CD177}"
EndProject
Project("{9A19103F-16F7-4668-BE54-9A1E7A4F7556}") = "ByteWebConnector.Service", "..\MicroServices\ByteWebConnector\ByteWebConnector.Service\ByteWebConnector.Service.csproj", "{418FCA54-0F77-43D2-92FF-851C01BB466E}"
EndProject
Project("{9A19103F-16F7-4668-BE54-9A1E7A4F7556}") = "Identity.Tests", "..\MicroServices\Identity\Identity.Tests\Identity.Tests.csproj", "{6026ED2B-E9CA-47EB-AF65-5A4485327EAA}"
EndProject
Project("{9A19103F-16F7-4668-BE54-9A1E7A4F7556}") = "LosIntegration.Tests", "..\MicroServices\LosIntegration\LosIntegration.Tests\LosIntegration.Tests.csproj", "{CD420909-12FB-4945-806C-7B590579AEAE}"
EndProject
Project("{9A19103F-16F7-4668-BE54-9A1E7A4F7556}") = "ByteWebConnector.SDK", "..\MicroServices\ByteWebConnector\ByteWebConnector.SDK\ByteWebConnector.SDK.csproj", "{19A38FE7-1F6B-4297-B6A4-7D74B91A0EA8}"
EndProject
Project("{2150E333-8FDC-42A3-9474-1A3956D46DE8}") = "Milestone", "Milestone", "{5A4954DC-5017-4829-8F29-603B3AC7C1A4}"
EndProject
Project("{9A19103F-16F7-4668-BE54-9A1E7A4F7556}") = "Milestone.API", "..\MicroServices\Milestone\Milestone.API\Milestone.API.csproj", "{CC9F4AC7-A434-481C-AAB0-FCCA329A578C}"
EndProject
Project("{9A19103F-16F7-4668-BE54-9A1E7A4F7556}") = "Milestone.Data", "..\MicroServices\Milestone\Milestone.Data\Milestone.Data.csproj", "{02002C61-F08E-4CAF-8151-8CDB03989335}"
EndProject
Project("{9A19103F-16F7-4668-BE54-9A1E7A4F7556}") = "Milestone.Entity", "..\MicroServices\Milestone\Milestone.Entity\Milestone.Entity.csproj", "{701E65E8-1185-475B-8D49-FA6713B7BCE5}"
EndProject
Project("{9A19103F-16F7-4668-BE54-9A1E7A4F7556}") = "Milestone.Model", "..\MicroServices\Milestone\Milestone.Model\Milestone.Model.csproj", "{F87E8A61-98FC-437B-9569-C50B9966E3BE}"
EndProject
Project("{9A19103F-16F7-4668-BE54-9A1E7A4F7556}") = "Milestone.Service", "..\MicroServices\Milestone\Milestone.Service\Milestone.Service.csproj", "{5D2F7127-415D-41D6-A62D-BF799A1ADBC4}"
EndProject
Project("{9A19103F-16F7-4668-BE54-9A1E7A4F7556}") = "Milestone.Tests", "..\MicroServices\Milestone\Milestone.Tests\Milestone.Tests.csproj", "{DBB6B397-E6E3-451A-98DF-D650760B1A8E}"
EndProject
Project("{2150E333-8FDC-42A3-9474-1A3956D46DE8}") = "DocManager", "DocManager", "{40424182-F1B0-475A-9826-46278F64907A}"
EndProject
Project("{9A19103F-16F7-4668-BE54-9A1E7A4F7556}") = "DocManager.Model", "..\MicroServices\DocManager\DocManager.Model\DocManager.Model.csproj", "{8CC4BD30-06C1-4FE6-B8AD-CB99D54C165B}"
EndProject
Project("{9A19103F-16F7-4668-BE54-9A1E7A4F7556}") = "DocManager.Service", "..\MicroServices\DocManager\DocManager.Service\DocManager.Service.csproj", "{E7F11304-E571-4AD8-82C1-E511761F69E3}"
EndProject
Project("{9A19103F-16F7-4668-BE54-9A1E7A4F7556}") = "DocManager.API", "..\MicroServices\DocManager\DocManager.API\DocManager.API.csproj", "{6485E384-3332-40DB-8B9B-53A3E23EC154}"
EndProject
Project("{FAE04EC0-301F-11D3-BF4B-00C04F79EFBC}") = "DocManager.Tests", "..\MicroServices\DocManager\DocManager.Tests\DocManager.Tests.csproj", "{17DFBAC5-9703-4A6A-A14C-B48D54555D74}"
EndProject
Project("{2150E333-8FDC-42A3-9474-1A3956D46DE8}") = "Setting", "Setting", "{C7466FB3-D660-4B91-A74B-C3B94755547C}"
EndProject
Project("{9A19103F-16F7-4668-BE54-9A1E7A4F7556}") = "Setting.API", "..\MicroServices\Setting\Setting.API\Setting.API.csproj", "{30096A2A-D951-45ED-AFF1-90A4BA7D43B6}"
EndProject
Project("{9A19103F-16F7-4668-BE54-9A1E7A4F7556}") = "Setting.Data", "..\MicroServices\Setting\Setting.Data\Setting.Data.csproj", "{505CC111-1922-45B6-AC2D-C7175B49728E}"
EndProject
Project("{9A19103F-16F7-4668-BE54-9A1E7A4F7556}") = "Setting.Entity", "..\MicroServices\Setting\Setting.Entity\Setting.Entity.csproj", "{E41B645A-8C4C-4CB1-862E-7D07C921E46E}"
EndProject
Project("{9A19103F-16F7-4668-BE54-9A1E7A4F7556}") = "Setting.Model", "..\MicroServices\Setting\Setting.Model\Setting.Model.csproj", "{97F7E539-9B6F-4C32-A20D-C04E5FE882F9}"
EndProject
Project("{9A19103F-16F7-4668-BE54-9A1E7A4F7556}") = "Setting.Service", "..\MicroServices\Setting\Setting.Service\Setting.Service.csproj", "{FB8E05CF-C155-4FAB-A227-D1874D296D7B}"
EndProject
Project("{9A19103F-16F7-4668-BE54-9A1E7A4F7556}") = "Setting.Tests", "..\MicroServices\Setting\Setting.Tests\Setting.Tests.csproj", "{A79A7447-A282-4A4B-9032-58C7CBC5AB02}"
EndProject
Global
	GlobalSection(SolutionConfigurationPlatforms) = preSolution
		Debug|Any CPU = Debug|Any CPU
		Release|Any CPU = Release|Any CPU
	EndGlobalSection
	GlobalSection(ProjectConfigurationPlatforms) = postSolution
		{0FD5708B-CBE3-48DE-BA04-0DDCB376BA16}.Debug|Any CPU.ActiveCfg = Debug|Any CPU
		{0FD5708B-CBE3-48DE-BA04-0DDCB376BA16}.Debug|Any CPU.Build.0 = Debug|Any CPU
		{0FD5708B-CBE3-48DE-BA04-0DDCB376BA16}.Release|Any CPU.ActiveCfg = Release|Any CPU
		{0FD5708B-CBE3-48DE-BA04-0DDCB376BA16}.Release|Any CPU.Build.0 = Release|Any CPU
		{0493A306-E6EE-430F-942A-D2A10044E00A}.Debug|Any CPU.ActiveCfg = Debug|Any CPU
		{0493A306-E6EE-430F-942A-D2A10044E00A}.Debug|Any CPU.Build.0 = Debug|Any CPU
		{0493A306-E6EE-430F-942A-D2A10044E00A}.Release|Any CPU.ActiveCfg = Release|Any CPU
		{0493A306-E6EE-430F-942A-D2A10044E00A}.Release|Any CPU.Build.0 = Release|Any CPU
		{1D9C9749-B194-472B-BA5D-CA81402CD985}.Debug|Any CPU.ActiveCfg = Debug|Any CPU
		{1D9C9749-B194-472B-BA5D-CA81402CD985}.Debug|Any CPU.Build.0 = Debug|Any CPU
		{1D9C9749-B194-472B-BA5D-CA81402CD985}.Release|Any CPU.ActiveCfg = Release|Any CPU
		{1D9C9749-B194-472B-BA5D-CA81402CD985}.Release|Any CPU.Build.0 = Release|Any CPU
		{89BECC67-CEA0-481C-882D-B78ACCBC2033}.Debug|Any CPU.ActiveCfg = Debug|Any CPU
		{89BECC67-CEA0-481C-882D-B78ACCBC2033}.Debug|Any CPU.Build.0 = Debug|Any CPU
		{89BECC67-CEA0-481C-882D-B78ACCBC2033}.Release|Any CPU.ActiveCfg = Release|Any CPU
		{89BECC67-CEA0-481C-882D-B78ACCBC2033}.Release|Any CPU.Build.0 = Release|Any CPU
		{2856463A-9540-4C5D-AFE9-39BFF022816D}.Debug|Any CPU.ActiveCfg = Debug|Any CPU
		{2856463A-9540-4C5D-AFE9-39BFF022816D}.Debug|Any CPU.Build.0 = Debug|Any CPU
		{2856463A-9540-4C5D-AFE9-39BFF022816D}.Release|Any CPU.ActiveCfg = Release|Any CPU
		{2856463A-9540-4C5D-AFE9-39BFF022816D}.Release|Any CPU.Build.0 = Release|Any CPU
		{F7364A86-32AB-4253-99D9-701ED94C6BA7}.Debug|Any CPU.ActiveCfg = Debug|Any CPU
		{F7364A86-32AB-4253-99D9-701ED94C6BA7}.Debug|Any CPU.Build.0 = Debug|Any CPU
		{F7364A86-32AB-4253-99D9-701ED94C6BA7}.Release|Any CPU.ActiveCfg = Release|Any CPU
		{F7364A86-32AB-4253-99D9-701ED94C6BA7}.Release|Any CPU.Build.0 = Release|Any CPU
		{9CBC80F0-92B0-419A-A2CC-8F15E76DACA2}.Debug|Any CPU.ActiveCfg = Debug|Any CPU
		{9CBC80F0-92B0-419A-A2CC-8F15E76DACA2}.Debug|Any CPU.Build.0 = Debug|Any CPU
		{9CBC80F0-92B0-419A-A2CC-8F15E76DACA2}.Release|Any CPU.ActiveCfg = Release|Any CPU
		{9CBC80F0-92B0-419A-A2CC-8F15E76DACA2}.Release|Any CPU.Build.0 = Release|Any CPU
		{D076EC42-04A2-4D94-A57E-F1BD3B2C3F2D}.Debug|Any CPU.ActiveCfg = Debug|Any CPU
		{D076EC42-04A2-4D94-A57E-F1BD3B2C3F2D}.Debug|Any CPU.Build.0 = Debug|Any CPU
		{D076EC42-04A2-4D94-A57E-F1BD3B2C3F2D}.Release|Any CPU.ActiveCfg = Release|Any CPU
		{D076EC42-04A2-4D94-A57E-F1BD3B2C3F2D}.Release|Any CPU.Build.0 = Release|Any CPU
		{6DBDDABE-6BE0-4DFE-9727-4F1AC9CE991A}.Debug|Any CPU.ActiveCfg = Debug|Any CPU
		{6DBDDABE-6BE0-4DFE-9727-4F1AC9CE991A}.Debug|Any CPU.Build.0 = Debug|Any CPU
		{6DBDDABE-6BE0-4DFE-9727-4F1AC9CE991A}.Release|Any CPU.ActiveCfg = Release|Any CPU
		{6DBDDABE-6BE0-4DFE-9727-4F1AC9CE991A}.Release|Any CPU.Build.0 = Release|Any CPU
		{ECA7621F-47D9-4160-856A-3D4B7D95B6E1}.Debug|Any CPU.ActiveCfg = Debug|Any CPU
		{ECA7621F-47D9-4160-856A-3D4B7D95B6E1}.Debug|Any CPU.Build.0 = Debug|Any CPU
		{ECA7621F-47D9-4160-856A-3D4B7D95B6E1}.Release|Any CPU.ActiveCfg = Release|Any CPU
		{ECA7621F-47D9-4160-856A-3D4B7D95B6E1}.Release|Any CPU.Build.0 = Release|Any CPU
		{6F568359-A615-4A3E-B330-0D734777B9BE}.Debug|Any CPU.ActiveCfg = Debug|Any CPU
		{6F568359-A615-4A3E-B330-0D734777B9BE}.Debug|Any CPU.Build.0 = Debug|Any CPU
		{6F568359-A615-4A3E-B330-0D734777B9BE}.Release|Any CPU.ActiveCfg = Release|Any CPU
		{6F568359-A615-4A3E-B330-0D734777B9BE}.Release|Any CPU.Build.0 = Release|Any CPU
		{26D4C1D2-6891-47F6-83DF-6A6FD87E40E5}.Debug|Any CPU.ActiveCfg = Debug|Any CPU
		{26D4C1D2-6891-47F6-83DF-6A6FD87E40E5}.Debug|Any CPU.Build.0 = Debug|Any CPU
		{26D4C1D2-6891-47F6-83DF-6A6FD87E40E5}.Release|Any CPU.ActiveCfg = Release|Any CPU
		{26D4C1D2-6891-47F6-83DF-6A6FD87E40E5}.Release|Any CPU.Build.0 = Release|Any CPU
		{9D70F541-F492-4593-8FCF-93C861FC6197}.Debug|Any CPU.ActiveCfg = Debug|Any CPU
		{9D70F541-F492-4593-8FCF-93C861FC6197}.Debug|Any CPU.Build.0 = Debug|Any CPU
		{9D70F541-F492-4593-8FCF-93C861FC6197}.Release|Any CPU.ActiveCfg = Release|Any CPU
		{9D70F541-F492-4593-8FCF-93C861FC6197}.Release|Any CPU.Build.0 = Release|Any CPU
		{F588C42E-2400-4077-AE06-95C5BDFE7EB2}.Debug|Any CPU.ActiveCfg = Debug|Any CPU
		{F588C42E-2400-4077-AE06-95C5BDFE7EB2}.Debug|Any CPU.Build.0 = Debug|Any CPU
		{F588C42E-2400-4077-AE06-95C5BDFE7EB2}.Release|Any CPU.ActiveCfg = Release|Any CPU
		{F588C42E-2400-4077-AE06-95C5BDFE7EB2}.Release|Any CPU.Build.0 = Release|Any CPU
		{3B067396-AAEC-44CE-80C8-9B5D5B7E856D}.Debug|Any CPU.ActiveCfg = Debug|Any CPU
		{3B067396-AAEC-44CE-80C8-9B5D5B7E856D}.Debug|Any CPU.Build.0 = Debug|Any CPU
		{3B067396-AAEC-44CE-80C8-9B5D5B7E856D}.Release|Any CPU.ActiveCfg = Release|Any CPU
		{3B067396-AAEC-44CE-80C8-9B5D5B7E856D}.Release|Any CPU.Build.0 = Release|Any CPU
		{3D4CDA9B-2BCF-4C1D-AFCE-EFF1F4EC3A04}.Debug|Any CPU.ActiveCfg = Debug|Any CPU
		{3D4CDA9B-2BCF-4C1D-AFCE-EFF1F4EC3A04}.Debug|Any CPU.Build.0 = Debug|Any CPU
		{3D4CDA9B-2BCF-4C1D-AFCE-EFF1F4EC3A04}.Release|Any CPU.ActiveCfg = Release|Any CPU
		{3D4CDA9B-2BCF-4C1D-AFCE-EFF1F4EC3A04}.Release|Any CPU.Build.0 = Release|Any CPU
		{A7F035EA-99AC-4897-9779-DFDF512A71D6}.Debug|Any CPU.ActiveCfg = Debug|Any CPU
		{A7F035EA-99AC-4897-9779-DFDF512A71D6}.Debug|Any CPU.Build.0 = Debug|Any CPU
		{A7F035EA-99AC-4897-9779-DFDF512A71D6}.Release|Any CPU.ActiveCfg = Release|Any CPU
		{A7F035EA-99AC-4897-9779-DFDF512A71D6}.Release|Any CPU.Build.0 = Release|Any CPU
		{AA3DC286-712F-4983-A08C-85B4860B1A34}.Debug|Any CPU.ActiveCfg = Debug|Any CPU
		{AA3DC286-712F-4983-A08C-85B4860B1A34}.Debug|Any CPU.Build.0 = Debug|Any CPU
		{AA3DC286-712F-4983-A08C-85B4860B1A34}.Release|Any CPU.ActiveCfg = Release|Any CPU
		{AA3DC286-712F-4983-A08C-85B4860B1A34}.Release|Any CPU.Build.0 = Release|Any CPU
		{705B576C-0479-475D-B269-7F76CC3A9487}.Debug|Any CPU.ActiveCfg = Debug|Any CPU
		{705B576C-0479-475D-B269-7F76CC3A9487}.Debug|Any CPU.Build.0 = Debug|Any CPU
		{705B576C-0479-475D-B269-7F76CC3A9487}.Release|Any CPU.ActiveCfg = Release|Any CPU
		{705B576C-0479-475D-B269-7F76CC3A9487}.Release|Any CPU.Build.0 = Release|Any CPU
		{03E05CFD-C70A-4D0D-872A-9D090B92FE53}.Debug|Any CPU.ActiveCfg = Debug|Any CPU
		{03E05CFD-C70A-4D0D-872A-9D090B92FE53}.Debug|Any CPU.Build.0 = Debug|Any CPU
		{03E05CFD-C70A-4D0D-872A-9D090B92FE53}.Release|Any CPU.ActiveCfg = Release|Any CPU
		{03E05CFD-C70A-4D0D-872A-9D090B92FE53}.Release|Any CPU.Build.0 = Release|Any CPU
		{6CE6B4F0-9345-4A7C-83CF-D62A822ACBC8}.Debug|Any CPU.ActiveCfg = Debug|Any CPU
		{6CE6B4F0-9345-4A7C-83CF-D62A822ACBC8}.Debug|Any CPU.Build.0 = Debug|Any CPU
		{6CE6B4F0-9345-4A7C-83CF-D62A822ACBC8}.Release|Any CPU.ActiveCfg = Release|Any CPU
		{6CE6B4F0-9345-4A7C-83CF-D62A822ACBC8}.Release|Any CPU.Build.0 = Release|Any CPU
		{A1D94485-4EDA-47CF-A37B-5B1C2A7ABC33}.Debug|Any CPU.ActiveCfg = Debug|Any CPU
		{A1D94485-4EDA-47CF-A37B-5B1C2A7ABC33}.Debug|Any CPU.Build.0 = Debug|Any CPU
		{A1D94485-4EDA-47CF-A37B-5B1C2A7ABC33}.Release|Any CPU.ActiveCfg = Release|Any CPU
		{A1D94485-4EDA-47CF-A37B-5B1C2A7ABC33}.Release|Any CPU.Build.0 = Release|Any CPU
		{27E5E216-3585-4256-A7D8-B8B3835EE6EC}.Debug|Any CPU.ActiveCfg = Debug|Any CPU
		{27E5E216-3585-4256-A7D8-B8B3835EE6EC}.Debug|Any CPU.Build.0 = Debug|Any CPU
		{27E5E216-3585-4256-A7D8-B8B3835EE6EC}.Release|Any CPU.ActiveCfg = Release|Any CPU
		{27E5E216-3585-4256-A7D8-B8B3835EE6EC}.Release|Any CPU.Build.0 = Release|Any CPU
		{DE4DE5FA-4753-4605-A02F-A8F8B83F83D0}.Debug|Any CPU.ActiveCfg = Debug|Any CPU
		{DE4DE5FA-4753-4605-A02F-A8F8B83F83D0}.Debug|Any CPU.Build.0 = Debug|Any CPU
		{DE4DE5FA-4753-4605-A02F-A8F8B83F83D0}.Release|Any CPU.ActiveCfg = Release|Any CPU
		{DE4DE5FA-4753-4605-A02F-A8F8B83F83D0}.Release|Any CPU.Build.0 = Release|Any CPU
		{B62EA060-DC9F-41C0-95EE-189F03CFAE29}.Debug|Any CPU.ActiveCfg = Debug|Any CPU
		{B62EA060-DC9F-41C0-95EE-189F03CFAE29}.Debug|Any CPU.Build.0 = Debug|Any CPU
		{B62EA060-DC9F-41C0-95EE-189F03CFAE29}.Release|Any CPU.ActiveCfg = Release|Any CPU
		{B62EA060-DC9F-41C0-95EE-189F03CFAE29}.Release|Any CPU.Build.0 = Release|Any CPU
		{A5EDD681-65D7-4EE4-907B-9CC6E02A4691}.Debug|Any CPU.ActiveCfg = Debug|Any CPU
		{A5EDD681-65D7-4EE4-907B-9CC6E02A4691}.Debug|Any CPU.Build.0 = Debug|Any CPU
		{A5EDD681-65D7-4EE4-907B-9CC6E02A4691}.Release|Any CPU.ActiveCfg = Release|Any CPU
		{A5EDD681-65D7-4EE4-907B-9CC6E02A4691}.Release|Any CPU.Build.0 = Release|Any CPU
		{2737BBDF-AFFA-476E-B52A-21F00F271CC7}.Debug|Any CPU.ActiveCfg = Debug|Any CPU
		{2737BBDF-AFFA-476E-B52A-21F00F271CC7}.Debug|Any CPU.Build.0 = Debug|Any CPU
		{2737BBDF-AFFA-476E-B52A-21F00F271CC7}.Release|Any CPU.ActiveCfg = Release|Any CPU
		{2737BBDF-AFFA-476E-B52A-21F00F271CC7}.Release|Any CPU.Build.0 = Release|Any CPU
		{C54A8352-8F21-447F-ACE7-344E7F59585A}.Debug|Any CPU.ActiveCfg = Debug|Any CPU
		{C54A8352-8F21-447F-ACE7-344E7F59585A}.Debug|Any CPU.Build.0 = Debug|Any CPU
		{C54A8352-8F21-447F-ACE7-344E7F59585A}.Release|Any CPU.ActiveCfg = Release|Any CPU
		{C54A8352-8F21-447F-ACE7-344E7F59585A}.Release|Any CPU.Build.0 = Release|Any CPU
		{952621B0-DED9-4B95-8884-F1F738DAADBD}.Debug|Any CPU.ActiveCfg = Debug|Any CPU
		{952621B0-DED9-4B95-8884-F1F738DAADBD}.Debug|Any CPU.Build.0 = Debug|Any CPU
		{952621B0-DED9-4B95-8884-F1F738DAADBD}.Release|Any CPU.ActiveCfg = Release|Any CPU
		{952621B0-DED9-4B95-8884-F1F738DAADBD}.Release|Any CPU.Build.0 = Release|Any CPU
		{58B8C1BE-1875-419D-BCCA-B4DFE5BF77BF}.Debug|Any CPU.ActiveCfg = Debug|Any CPU
		{58B8C1BE-1875-419D-BCCA-B4DFE5BF77BF}.Debug|Any CPU.Build.0 = Debug|Any CPU
		{58B8C1BE-1875-419D-BCCA-B4DFE5BF77BF}.Release|Any CPU.ActiveCfg = Release|Any CPU
		{58B8C1BE-1875-419D-BCCA-B4DFE5BF77BF}.Release|Any CPU.Build.0 = Release|Any CPU
		{FB4F4CA7-4F44-4FCF-AE61-DBBE2478FAA3}.Debug|Any CPU.ActiveCfg = Debug|Any CPU
		{FB4F4CA7-4F44-4FCF-AE61-DBBE2478FAA3}.Debug|Any CPU.Build.0 = Debug|Any CPU
		{FB4F4CA7-4F44-4FCF-AE61-DBBE2478FAA3}.Release|Any CPU.ActiveCfg = Release|Any CPU
		{FB4F4CA7-4F44-4FCF-AE61-DBBE2478FAA3}.Release|Any CPU.Build.0 = Release|Any CPU
		{5B30A224-6F15-4825-B69A-7C72F014F017}.Debug|Any CPU.ActiveCfg = Debug|Any CPU
		{5B30A224-6F15-4825-B69A-7C72F014F017}.Debug|Any CPU.Build.0 = Debug|Any CPU
		{5B30A224-6F15-4825-B69A-7C72F014F017}.Release|Any CPU.ActiveCfg = Release|Any CPU
		{5B30A224-6F15-4825-B69A-7C72F014F017}.Release|Any CPU.Build.0 = Release|Any CPU
		{FDB69405-D181-46CE-993C-E697E4043C95}.Debug|Any CPU.ActiveCfg = Debug|Any CPU
		{FDB69405-D181-46CE-993C-E697E4043C95}.Debug|Any CPU.Build.0 = Debug|Any CPU
		{FDB69405-D181-46CE-993C-E697E4043C95}.Release|Any CPU.ActiveCfg = Release|Any CPU
		{FDB69405-D181-46CE-993C-E697E4043C95}.Release|Any CPU.Build.0 = Release|Any CPU
		{B67540FA-5211-4CC3-90DC-E10C4AA43A6E}.Debug|Any CPU.ActiveCfg = Debug|Any CPU
		{B67540FA-5211-4CC3-90DC-E10C4AA43A6E}.Debug|Any CPU.Build.0 = Debug|Any CPU
		{B67540FA-5211-4CC3-90DC-E10C4AA43A6E}.Release|Any CPU.ActiveCfg = Release|Any CPU
		{B67540FA-5211-4CC3-90DC-E10C4AA43A6E}.Release|Any CPU.Build.0 = Release|Any CPU
		{2D90FC89-9277-405C-9379-C25620DFA76A}.Debug|Any CPU.ActiveCfg = Debug|Any CPU
		{2D90FC89-9277-405C-9379-C25620DFA76A}.Debug|Any CPU.Build.0 = Debug|Any CPU
		{2D90FC89-9277-405C-9379-C25620DFA76A}.Release|Any CPU.ActiveCfg = Release|Any CPU
		{2D90FC89-9277-405C-9379-C25620DFA76A}.Release|Any CPU.Build.0 = Release|Any CPU
		{965D70F5-4D9A-483A-9B6E-F6BA5E160FDC}.Debug|Any CPU.ActiveCfg = Debug|Any CPU
		{965D70F5-4D9A-483A-9B6E-F6BA5E160FDC}.Debug|Any CPU.Build.0 = Debug|Any CPU
		{965D70F5-4D9A-483A-9B6E-F6BA5E160FDC}.Release|Any CPU.ActiveCfg = Release|Any CPU
		{965D70F5-4D9A-483A-9B6E-F6BA5E160FDC}.Release|Any CPU.Build.0 = Release|Any CPU
		{ACA067ED-490D-4A80-9591-C8A188ECADCF}.Debug|Any CPU.ActiveCfg = Debug|Any CPU
		{ACA067ED-490D-4A80-9591-C8A188ECADCF}.Debug|Any CPU.Build.0 = Debug|Any CPU
		{ACA067ED-490D-4A80-9591-C8A188ECADCF}.Release|Any CPU.ActiveCfg = Release|Any CPU
		{ACA067ED-490D-4A80-9591-C8A188ECADCF}.Release|Any CPU.Build.0 = Release|Any CPU
		{CDAAF5CB-F038-45E3-9A0D-8B166E36E493}.Debug|Any CPU.ActiveCfg = Debug|Any CPU
		{CDAAF5CB-F038-45E3-9A0D-8B166E36E493}.Debug|Any CPU.Build.0 = Debug|Any CPU
		{CDAAF5CB-F038-45E3-9A0D-8B166E36E493}.Release|Any CPU.ActiveCfg = Release|Any CPU
		{CDAAF5CB-F038-45E3-9A0D-8B166E36E493}.Release|Any CPU.Build.0 = Release|Any CPU
		{762C32EE-B47D-4609-8805-AAC2135CD177}.Debug|Any CPU.ActiveCfg = Debug|Any CPU
		{762C32EE-B47D-4609-8805-AAC2135CD177}.Debug|Any CPU.Build.0 = Debug|Any CPU
		{762C32EE-B47D-4609-8805-AAC2135CD177}.Release|Any CPU.ActiveCfg = Release|Any CPU
		{762C32EE-B47D-4609-8805-AAC2135CD177}.Release|Any CPU.Build.0 = Release|Any CPU
		{418FCA54-0F77-43D2-92FF-851C01BB466E}.Debug|Any CPU.ActiveCfg = Debug|Any CPU
		{418FCA54-0F77-43D2-92FF-851C01BB466E}.Debug|Any CPU.Build.0 = Debug|Any CPU
		{418FCA54-0F77-43D2-92FF-851C01BB466E}.Release|Any CPU.ActiveCfg = Release|Any CPU
		{418FCA54-0F77-43D2-92FF-851C01BB466E}.Release|Any CPU.Build.0 = Release|Any CPU
		{6026ED2B-E9CA-47EB-AF65-5A4485327EAA}.Debug|Any CPU.ActiveCfg = Debug|Any CPU
		{6026ED2B-E9CA-47EB-AF65-5A4485327EAA}.Debug|Any CPU.Build.0 = Debug|Any CPU
		{6026ED2B-E9CA-47EB-AF65-5A4485327EAA}.Release|Any CPU.ActiveCfg = Release|Any CPU
		{6026ED2B-E9CA-47EB-AF65-5A4485327EAA}.Release|Any CPU.Build.0 = Release|Any CPU
		{CD420909-12FB-4945-806C-7B590579AEAE}.Debug|Any CPU.ActiveCfg = Debug|Any CPU
		{CD420909-12FB-4945-806C-7B590579AEAE}.Debug|Any CPU.Build.0 = Debug|Any CPU
		{CD420909-12FB-4945-806C-7B590579AEAE}.Release|Any CPU.ActiveCfg = Release|Any CPU
		{CD420909-12FB-4945-806C-7B590579AEAE}.Release|Any CPU.Build.0 = Release|Any CPU
		{19A38FE7-1F6B-4297-B6A4-7D74B91A0EA8}.Debug|Any CPU.ActiveCfg = Debug|Any CPU
		{19A38FE7-1F6B-4297-B6A4-7D74B91A0EA8}.Debug|Any CPU.Build.0 = Debug|Any CPU
		{19A38FE7-1F6B-4297-B6A4-7D74B91A0EA8}.Release|Any CPU.ActiveCfg = Release|Any CPU
		{19A38FE7-1F6B-4297-B6A4-7D74B91A0EA8}.Release|Any CPU.Build.0 = Release|Any CPU
		{CC9F4AC7-A434-481C-AAB0-FCCA329A578C}.Debug|Any CPU.ActiveCfg = Debug|Any CPU
		{CC9F4AC7-A434-481C-AAB0-FCCA329A578C}.Debug|Any CPU.Build.0 = Debug|Any CPU
		{CC9F4AC7-A434-481C-AAB0-FCCA329A578C}.Release|Any CPU.ActiveCfg = Release|Any CPU
		{CC9F4AC7-A434-481C-AAB0-FCCA329A578C}.Release|Any CPU.Build.0 = Release|Any CPU
		{02002C61-F08E-4CAF-8151-8CDB03989335}.Debug|Any CPU.ActiveCfg = Debug|Any CPU
		{02002C61-F08E-4CAF-8151-8CDB03989335}.Debug|Any CPU.Build.0 = Debug|Any CPU
		{02002C61-F08E-4CAF-8151-8CDB03989335}.Release|Any CPU.ActiveCfg = Release|Any CPU
		{02002C61-F08E-4CAF-8151-8CDB03989335}.Release|Any CPU.Build.0 = Release|Any CPU
		{701E65E8-1185-475B-8D49-FA6713B7BCE5}.Debug|Any CPU.ActiveCfg = Debug|Any CPU
		{701E65E8-1185-475B-8D49-FA6713B7BCE5}.Debug|Any CPU.Build.0 = Debug|Any CPU
		{701E65E8-1185-475B-8D49-FA6713B7BCE5}.Release|Any CPU.ActiveCfg = Release|Any CPU
		{701E65E8-1185-475B-8D49-FA6713B7BCE5}.Release|Any CPU.Build.0 = Release|Any CPU
		{F87E8A61-98FC-437B-9569-C50B9966E3BE}.Debug|Any CPU.ActiveCfg = Debug|Any CPU
		{F87E8A61-98FC-437B-9569-C50B9966E3BE}.Debug|Any CPU.Build.0 = Debug|Any CPU
		{F87E8A61-98FC-437B-9569-C50B9966E3BE}.Release|Any CPU.ActiveCfg = Release|Any CPU
		{F87E8A61-98FC-437B-9569-C50B9966E3BE}.Release|Any CPU.Build.0 = Release|Any CPU
		{5D2F7127-415D-41D6-A62D-BF799A1ADBC4}.Debug|Any CPU.ActiveCfg = Debug|Any CPU
		{5D2F7127-415D-41D6-A62D-BF799A1ADBC4}.Debug|Any CPU.Build.0 = Debug|Any CPU
		{5D2F7127-415D-41D6-A62D-BF799A1ADBC4}.Release|Any CPU.ActiveCfg = Release|Any CPU
		{5D2F7127-415D-41D6-A62D-BF799A1ADBC4}.Release|Any CPU.Build.0 = Release|Any CPU
		{DBB6B397-E6E3-451A-98DF-D650760B1A8E}.Debug|Any CPU.ActiveCfg = Debug|Any CPU
		{DBB6B397-E6E3-451A-98DF-D650760B1A8E}.Debug|Any CPU.Build.0 = Debug|Any CPU
		{DBB6B397-E6E3-451A-98DF-D650760B1A8E}.Release|Any CPU.ActiveCfg = Release|Any CPU
		{DBB6B397-E6E3-451A-98DF-D650760B1A8E}.Release|Any CPU.Build.0 = Release|Any CPU
		{8CC4BD30-06C1-4FE6-B8AD-CB99D54C165B}.Debug|Any CPU.ActiveCfg = Debug|Any CPU
		{8CC4BD30-06C1-4FE6-B8AD-CB99D54C165B}.Debug|Any CPU.Build.0 = Debug|Any CPU
		{8CC4BD30-06C1-4FE6-B8AD-CB99D54C165B}.Release|Any CPU.ActiveCfg = Release|Any CPU
		{8CC4BD30-06C1-4FE6-B8AD-CB99D54C165B}.Release|Any CPU.Build.0 = Release|Any CPU
		{E7F11304-E571-4AD8-82C1-E511761F69E3}.Debug|Any CPU.ActiveCfg = Debug|Any CPU
		{E7F11304-E571-4AD8-82C1-E511761F69E3}.Debug|Any CPU.Build.0 = Debug|Any CPU
		{E7F11304-E571-4AD8-82C1-E511761F69E3}.Release|Any CPU.ActiveCfg = Release|Any CPU
		{E7F11304-E571-4AD8-82C1-E511761F69E3}.Release|Any CPU.Build.0 = Release|Any CPU
		{6485E384-3332-40DB-8B9B-53A3E23EC154}.Debug|Any CPU.ActiveCfg = Debug|Any CPU
		{6485E384-3332-40DB-8B9B-53A3E23EC154}.Debug|Any CPU.Build.0 = Debug|Any CPU
		{6485E384-3332-40DB-8B9B-53A3E23EC154}.Release|Any CPU.ActiveCfg = Release|Any CPU
		{6485E384-3332-40DB-8B9B-53A3E23EC154}.Release|Any CPU.Build.0 = Release|Any CPU
		{17DFBAC5-9703-4A6A-A14C-B48D54555D74}.Debug|Any CPU.ActiveCfg = Debug|Any CPU
		{17DFBAC5-9703-4A6A-A14C-B48D54555D74}.Debug|Any CPU.Build.0 = Debug|Any CPU
		{17DFBAC5-9703-4A6A-A14C-B48D54555D74}.Release|Any CPU.ActiveCfg = Release|Any CPU
		{17DFBAC5-9703-4A6A-A14C-B48D54555D74}.Release|Any CPU.Build.0 = Release|Any CPU
		{30096A2A-D951-45ED-AFF1-90A4BA7D43B6}.Debug|Any CPU.ActiveCfg = Debug|Any CPU
		{30096A2A-D951-45ED-AFF1-90A4BA7D43B6}.Debug|Any CPU.Build.0 = Debug|Any CPU
		{30096A2A-D951-45ED-AFF1-90A4BA7D43B6}.Release|Any CPU.ActiveCfg = Release|Any CPU
		{30096A2A-D951-45ED-AFF1-90A4BA7D43B6}.Release|Any CPU.Build.0 = Release|Any CPU
		{505CC111-1922-45B6-AC2D-C7175B49728E}.Debug|Any CPU.ActiveCfg = Debug|Any CPU
		{505CC111-1922-45B6-AC2D-C7175B49728E}.Debug|Any CPU.Build.0 = Debug|Any CPU
		{505CC111-1922-45B6-AC2D-C7175B49728E}.Release|Any CPU.ActiveCfg = Release|Any CPU
		{505CC111-1922-45B6-AC2D-C7175B49728E}.Release|Any CPU.Build.0 = Release|Any CPU
		{E41B645A-8C4C-4CB1-862E-7D07C921E46E}.Debug|Any CPU.ActiveCfg = Debug|Any CPU
		{E41B645A-8C4C-4CB1-862E-7D07C921E46E}.Debug|Any CPU.Build.0 = Debug|Any CPU
		{E41B645A-8C4C-4CB1-862E-7D07C921E46E}.Release|Any CPU.ActiveCfg = Release|Any CPU
		{E41B645A-8C4C-4CB1-862E-7D07C921E46E}.Release|Any CPU.Build.0 = Release|Any CPU
		{97F7E539-9B6F-4C32-A20D-C04E5FE882F9}.Debug|Any CPU.ActiveCfg = Debug|Any CPU
		{97F7E539-9B6F-4C32-A20D-C04E5FE882F9}.Debug|Any CPU.Build.0 = Debug|Any CPU
		{97F7E539-9B6F-4C32-A20D-C04E5FE882F9}.Release|Any CPU.ActiveCfg = Release|Any CPU
		{97F7E539-9B6F-4C32-A20D-C04E5FE882F9}.Release|Any CPU.Build.0 = Release|Any CPU
		{FB8E05CF-C155-4FAB-A227-D1874D296D7B}.Debug|Any CPU.ActiveCfg = Debug|Any CPU
		{FB8E05CF-C155-4FAB-A227-D1874D296D7B}.Debug|Any CPU.Build.0 = Debug|Any CPU
		{FB8E05CF-C155-4FAB-A227-D1874D296D7B}.Release|Any CPU.ActiveCfg = Release|Any CPU
		{FB8E05CF-C155-4FAB-A227-D1874D296D7B}.Release|Any CPU.Build.0 = Release|Any CPU
		{A79A7447-A282-4A4B-9032-58C7CBC5AB02}.Debug|Any CPU.ActiveCfg = Debug|Any CPU
		{A79A7447-A282-4A4B-9032-58C7CBC5AB02}.Debug|Any CPU.Build.0 = Debug|Any CPU
		{A79A7447-A282-4A4B-9032-58C7CBC5AB02}.Release|Any CPU.ActiveCfg = Release|Any CPU
		{A79A7447-A282-4A4B-9032-58C7CBC5AB02}.Release|Any CPU.Build.0 = Release|Any CPU
	EndGlobalSection
	GlobalSection(SolutionProperties) = preSolution
		HideSolutionNode = FALSE
	EndGlobalSection
	GlobalSection(NestedProjects) = preSolution
		{0FD5708B-CBE3-48DE-BA04-0DDCB376BA16} = {D2C6E1D8-A10D-4E28-9765-EA493DF43F6D}
		{0493A306-E6EE-430F-942A-D2A10044E00A} = {2D33F704-EA79-499B-9324-849273D81C6A}
		{2D33F704-EA79-499B-9324-849273D81C6A} = {E0FB9C7C-9C8F-4C2E-95DD-E025A45C520F}
		{1D9C9749-B194-472B-BA5D-CA81402CD985} = {2D33F704-EA79-499B-9324-849273D81C6A}
		{89BECC67-CEA0-481C-882D-B78ACCBC2033} = {2D33F704-EA79-499B-9324-849273D81C6A}
		{2856463A-9540-4C5D-AFE9-39BFF022816D} = {2D33F704-EA79-499B-9324-849273D81C6A}
		{F7364A86-32AB-4253-99D9-701ED94C6BA7} = {2D33F704-EA79-499B-9324-849273D81C6A}
		{22F48F21-2A1F-474C-B7BA-F62DEB0A211C} = {E0FB9C7C-9C8F-4C2E-95DD-E025A45C520F}
		{9CBC80F0-92B0-419A-A2CC-8F15E76DACA2} = {22F48F21-2A1F-474C-B7BA-F62DEB0A211C}
		{E4D07B6F-B594-49BA-BA4F-3D8115776F30} = {E0FB9C7C-9C8F-4C2E-95DD-E025A45C520F}
		{D076EC42-04A2-4D94-A57E-F1BD3B2C3F2D} = {E4D07B6F-B594-49BA-BA4F-3D8115776F30}
		{6DBDDABE-6BE0-4DFE-9727-4F1AC9CE991A} = {E4D07B6F-B594-49BA-BA4F-3D8115776F30}
		{ECA7621F-47D9-4160-856A-3D4B7D95B6E1} = {E4D07B6F-B594-49BA-BA4F-3D8115776F30}
		{6F568359-A615-4A3E-B330-0D734777B9BE} = {60455E47-E82D-44BE-A52D-96D6E9C1331C}
		{60455E47-E82D-44BE-A52D-96D6E9C1331C} = {E0FB9C7C-9C8F-4C2E-95DD-E025A45C520F}
		{26D4C1D2-6891-47F6-83DF-6A6FD87E40E5} = {60455E47-E82D-44BE-A52D-96D6E9C1331C}
		{9D70F541-F492-4593-8FCF-93C861FC6197} = {60455E47-E82D-44BE-A52D-96D6E9C1331C}
		{F588C42E-2400-4077-AE06-95C5BDFE7EB2} = {60455E47-E82D-44BE-A52D-96D6E9C1331C}
		{3B067396-AAEC-44CE-80C8-9B5D5B7E856D} = {60455E47-E82D-44BE-A52D-96D6E9C1331C}
		{3D4CDA9B-2BCF-4C1D-AFCE-EFF1F4EC3A04} = {60455E47-E82D-44BE-A52D-96D6E9C1331C}
		{A7F035EA-99AC-4897-9779-DFDF512A71D6} = {60455E47-E82D-44BE-A52D-96D6E9C1331C}
		{72A77178-843D-45F0-BCA5-50B97D4EDE30} = {E0FB9C7C-9C8F-4C2E-95DD-E025A45C520F}
		{AA3DC286-712F-4983-A08C-85B4860B1A34} = {72A77178-843D-45F0-BCA5-50B97D4EDE30}
		{EB4C197E-E8F0-446A-BE23-9E4F4C763938} = {E0FB9C7C-9C8F-4C2E-95DD-E025A45C520F}
		{705B576C-0479-475D-B269-7F76CC3A9487} = {EB4C197E-E8F0-446A-BE23-9E4F4C763938}
		{03E05CFD-C70A-4D0D-872A-9D090B92FE53} = {72A77178-843D-45F0-BCA5-50B97D4EDE30}
		{6CE6B4F0-9345-4A7C-83CF-D62A822ACBC8} = {72A77178-843D-45F0-BCA5-50B97D4EDE30}
		{A1D94485-4EDA-47CF-A37B-5B1C2A7ABC33} = {72A77178-843D-45F0-BCA5-50B97D4EDE30}
		{27E5E216-3585-4256-A7D8-B8B3835EE6EC} = {72A77178-843D-45F0-BCA5-50B97D4EDE30}
		{DE4DE5FA-4753-4605-A02F-A8F8B83F83D0} = {0D6213DF-0CE6-437E-8764-D987824AFF60}
		{B62EA060-DC9F-41C0-95EE-189F03CFAE29} = {0D6213DF-0CE6-437E-8764-D987824AFF60}
		{A5EDD681-65D7-4EE4-907B-9CC6E02A4691} = {0D6213DF-0CE6-437E-8764-D987824AFF60}
		{2737BBDF-AFFA-476E-B52A-21F00F271CC7} = {0D6213DF-0CE6-437E-8764-D987824AFF60}
		{C54A8352-8F21-447F-ACE7-344E7F59585A} = {0D6213DF-0CE6-437E-8764-D987824AFF60}
		{952621B0-DED9-4B95-8884-F1F738DAADBD} = {0D6213DF-0CE6-437E-8764-D987824AFF60}
		{2A93B2EC-08B6-4A8A-994C-32A8590D3CBD} = {E0FB9C7C-9C8F-4C2E-95DD-E025A45C520F}
		{58B8C1BE-1875-419D-BCCA-B4DFE5BF77BF} = {2A93B2EC-08B6-4A8A-994C-32A8590D3CBD}
		{FB4F4CA7-4F44-4FCF-AE61-DBBE2478FAA3} = {2A93B2EC-08B6-4A8A-994C-32A8590D3CBD}
		{5B30A224-6F15-4825-B69A-7C72F014F017} = {2A93B2EC-08B6-4A8A-994C-32A8590D3CBD}
		{FDB69405-D181-46CE-993C-E697E4043C95} = {2A93B2EC-08B6-4A8A-994C-32A8590D3CBD}
		{B67540FA-5211-4CC3-90DC-E10C4AA43A6E} = {2A93B2EC-08B6-4A8A-994C-32A8590D3CBD}
		{2D90FC89-9277-405C-9379-C25620DFA76A} = {2A93B2EC-08B6-4A8A-994C-32A8590D3CBD}
		{965D70F5-4D9A-483A-9B6E-F6BA5E160FDC} = {2A93B2EC-08B6-4A8A-994C-32A8590D3CBD}
		{ACA067ED-490D-4A80-9591-C8A188ECADCF} = {EB4C197E-E8F0-446A-BE23-9E4F4C763938}
		{CDAAF5CB-F038-45E3-9A0D-8B166E36E493} = {EB4C197E-E8F0-446A-BE23-9E4F4C763938}
		{762C32EE-B47D-4609-8805-AAC2135CD177} = {EB4C197E-E8F0-446A-BE23-9E4F4C763938}
		{418FCA54-0F77-43D2-92FF-851C01BB466E} = {EB4C197E-E8F0-446A-BE23-9E4F4C763938}
		{6026ED2B-E9CA-47EB-AF65-5A4485327EAA} = {22F48F21-2A1F-474C-B7BA-F62DEB0A211C}
		{CD420909-12FB-4945-806C-7B590579AEAE} = {72A77178-843D-45F0-BCA5-50B97D4EDE30}
		{19A38FE7-1F6B-4297-B6A4-7D74B91A0EA8} = {EB4C197E-E8F0-446A-BE23-9E4F4C763938}
		{5A4954DC-5017-4829-8F29-603B3AC7C1A4} = {E0FB9C7C-9C8F-4C2E-95DD-E025A45C520F}
		{CC9F4AC7-A434-481C-AAB0-FCCA329A578C} = {5A4954DC-5017-4829-8F29-603B3AC7C1A4}
		{02002C61-F08E-4CAF-8151-8CDB03989335} = {5A4954DC-5017-4829-8F29-603B3AC7C1A4}
		{701E65E8-1185-475B-8D49-FA6713B7BCE5} = {5A4954DC-5017-4829-8F29-603B3AC7C1A4}
		{F87E8A61-98FC-437B-9569-C50B9966E3BE} = {5A4954DC-5017-4829-8F29-603B3AC7C1A4}
		{5D2F7127-415D-41D6-A62D-BF799A1ADBC4} = {5A4954DC-5017-4829-8F29-603B3AC7C1A4}
		{DBB6B397-E6E3-451A-98DF-D650760B1A8E} = {5A4954DC-5017-4829-8F29-603B3AC7C1A4}
		{40424182-F1B0-475A-9826-46278F64907A} = {E0FB9C7C-9C8F-4C2E-95DD-E025A45C520F}
		{8CC4BD30-06C1-4FE6-B8AD-CB99D54C165B} = {40424182-F1B0-475A-9826-46278F64907A}
		{E7F11304-E571-4AD8-82C1-E511761F69E3} = {40424182-F1B0-475A-9826-46278F64907A}
		{6485E384-3332-40DB-8B9B-53A3E23EC154} = {40424182-F1B0-475A-9826-46278F64907A}
		{17DFBAC5-9703-4A6A-A14C-B48D54555D74} = {40424182-F1B0-475A-9826-46278F64907A}
		{C7466FB3-D660-4B91-A74B-C3B94755547C} = {E0FB9C7C-9C8F-4C2E-95DD-E025A45C520F}
		{30096A2A-D951-45ED-AFF1-90A4BA7D43B6} = {C7466FB3-D660-4B91-A74B-C3B94755547C}
		{505CC111-1922-45B6-AC2D-C7175B49728E} = {C7466FB3-D660-4B91-A74B-C3B94755547C}
		{E41B645A-8C4C-4CB1-862E-7D07C921E46E} = {C7466FB3-D660-4B91-A74B-C3B94755547C}
		{97F7E539-9B6F-4C32-A20D-C04E5FE882F9} = {C7466FB3-D660-4B91-A74B-C3B94755547C}
		{FB8E05CF-C155-4FAB-A227-D1874D296D7B} = {C7466FB3-D660-4B91-A74B-C3B94755547C}
		{A79A7447-A282-4A4B-9032-58C7CBC5AB02} = {C7466FB3-D660-4B91-A74B-C3B94755547C}
	EndGlobalSection
	GlobalSection(ExtensibilityGlobals) = postSolution
		SolutionGuid = {7E56FE89-36B5-422C-B211-A1E23C5F0D3E}
	EndGlobalSection
EndGlobal
