PODS:
  - Alamofire (5.4.1)
  - CarbonKit (2.3.1)
  - CocoaLumberjack (3.7.2):
    - CocoaLumberjack/Core (= 3.7.2)
  - CocoaLumberjack/Core (3.7.2)
  - IQKeyboardManagerSwift (6.5.6)
  - LoadingPlaceholderView (0.0.2)
  - MarqueeLabel (4.2.0)
  - Material (3.1.8):
    - Material/Core (= 3.1.8)
  - Material/Core (3.1.8):
    - Motion (~> 3.1.1)
  - MonthYearPicker (4.0.2)
  - Motion (3.1.3):
    - Motion/Core (= 3.1.3)
  - Motion/Core (3.1.3)
  - NVActivityIndicatorView (4.8.0):
    - NVActivityIndicatorView/Presenter (= 4.8.0)
  - NVActivityIndicatorView/Presenter (4.8.0)
  - Realm (10.7.6):
    - Realm/Headers (= 10.7.6)
  - Realm/Headers (10.7.6)
  - RealmSwift (10.7.6):
    - Realm (= 10.7.6)
  - SVGKit (3.0.0):
    - CocoaLumberjack (~> 3.0)
  - SwiftyJSON (5.0.0)

DEPENDENCIES:
  - Alamofire (= 5.4.1)
  - CarbonKit
  - IQKeyboardManagerSwift (= 6.5.6)
  - LoadingPlaceholderView
  - MarqueeLabel
  - Material
  - MonthYearPicker
  - NVActivityIndicatorView (= 4.8.0)
  - RealmSwift
  - SVGKit (= 3.0.0)
  - SwiftyJSON (= 5.0.0)

SPEC REPOS:
  trunk:
    - Alamofire
    - CarbonKit
    - CocoaLumberjack
    - IQKeyboardManagerSwift
    - LoadingPlaceholderView
    - MarqueeLabel
    - Material
    - MonthYearPicker
    - Motion
    - NVActivityIndicatorView
    - Realm
    - RealmSwift
    - SVGKit
    - SwiftyJSON

SPEC CHECKSUMS:
  Alamofire: 2291f7d21ca607c491dd17642e5d40fdcda0e65c
  CarbonKit: b60e24dbdb47179990d5e074efa87ab819c8de98
  CocoaLumberjack: b7e05132ff94f6ae4dfa9d5bce9141893a21d9da
  IQKeyboardManagerSwift: c7df9d2deb356c04522f5c4b7b6e4ce4d8ed94fe
  LoadingPlaceholderView: e913f5ae2673612d405ce395acca7cedb1bfaa81
  MarqueeLabel: f4117d82a55209171e8f66bd4859fa11ade335a1
  Material: a2a3f400a3b549d53ef89e56c58c4535b29db387
  MonthYearPicker: 91f77106e6806d8c93c69e943ab0795fd420657f
  Motion: cf1e060e489f6661126374d5c60dbd2ed991605c
  NVActivityIndicatorView: d24b7ebcf80af5dcd994adb650e2b6c93379270f
  Realm: ed860452717c8db8f4bf832b6807f7f2ce708839
  RealmSwift: e31c4ddbcc42ac879313d656b86f9ca539f6f4f4
  SVGKit: 1ad7513f8c74d9652f94ed64ddecda1a23864dea
  SwiftyJSON: 36413e04c44ee145039d332b4f4e2d3e8d6c4db7

PODFILE CHECKSUM: 8158f8ad7a3ca1edc085286fb2dbdd4e03355066

COCOAPODS: 1.10.1
