PODS:
  - Alamofire (5.4.1)
  - CarbonKit (2.3.1)
  - CocoaLumberjack (3.7.2):
    - CocoaLumberjack/Core (= 3.7.2)
  - CocoaLumberjack/Core (3.7.2)
  - IQKeyboardManagerSwift (6.5.6)
  - LoadingPlaceholderView (0.0.2)
  - NVActivityIndicatorView (4.8.0):
    - NVActivityIndicatorView/Presenter (= 4.8.0)
  - NVActivityIndicatorView/Presenter (4.8.0)
  - Realm (10.7.6):
    - Realm/Headers (= 10.7.6)
  - Realm/Headers (10.7.6)
  - RealmSwift (10.7.6):
    - Realm (= 10.7.6)
  - SVGKit (3.0.0):
    - CocoaLumberjack (~> 3.0)
  - SwiftyJSON (5.0.0)

DEPENDENCIES:
  - Alamofire (= 5.4.1)
  - CarbonKit
  - IQKeyboardManagerSwift (= 6.5.6)
  - LoadingPlaceholderView
  - NVActivityIndicatorView (= 4.8.0)
  - RealmSwift
  - SVGKit (= 3.0.0)
  - SwiftyJSON (= 5.0.0)

SPEC REPOS:
  trunk:
    - Alamofire
    - CarbonKit
    - CocoaLumberjack
    - IQKeyboardManagerSwift
    - LoadingPlaceholderView
    - NVActivityIndicatorView
    - Realm
    - RealmSwift
    - SVGKit
    - SwiftyJSON

SPEC CHECKSUMS:
  Alamofire: 2291f7d21ca607c491dd17642e5d40fdcda0e65c
  CarbonKit: b60e24dbdb47179990d5e074efa87ab819c8de98
  CocoaLumberjack: b7e05132ff94f6ae4dfa9d5bce9141893a21d9da
  IQKeyboardManagerSwift: c7df9d2deb356c04522f5c4b7b6e4ce4d8ed94fe
  LoadingPlaceholderView: e913f5ae2673612d405ce395acca7cedb1bfaa81
  NVActivityIndicatorView: d24b7ebcf80af5dcd994adb650e2b6c93379270f
  Realm: ed860452717c8db8f4bf832b6807f7f2ce708839
  RealmSwift: e31c4ddbcc42ac879313d656b86f9ca539f6f4f4
  SVGKit: 1ad7513f8c74d9652f94ed64ddecda1a23864dea
  SwiftyJSON: 36413e04c44ee145039d332b4f4e2d3e8d6c4db7

PODFILE CHECKSUM: dce26990d7735230c09942fe48747ed3f2a686f5

COCOAPODS: 1.10.1
