
Microsoft Visual Studio Solution File, Format Version 12.00
# Visual Studio Version 16
VisualStudioVersion = 16.0.30104.148
MinimumVisualStudioVersion = 10.0.40219.1
Project("{9A19103F-16F7-4668-BE54-9A1E7A4F7556}") = "Rainmaker.API", "Rainmaker.API\Rainmaker.API.csproj", "{1D800FCC-CBF4-46A2-9D25-49967D949BF1}"
EndProject
Project("{9A19103F-16F7-4668-BE54-9A1E7A4F7556}") = "RainMaker.Data", "Rainmaker.Data\RainMaker.Data.csproj", "{71534247-8F19-44E8-9D1C-E7FB239108CF}"
EndProject
Project("{9A19103F-16F7-4668-BE54-9A1E7A4F7556}") = "RainMaker.Entity", "RainMaker.Entity\RainMaker.Entity.csproj", "{3C0C2456-E6C1-4994-8D7E-4E3741682FE5}"
EndProject
Project("{9A19103F-16F7-4668-BE54-9A1E7A4F7556}") = "TrackableEntities.Common.Core", "..\..\Library\URF\TrackableEntities.Common.Core\TrackableEntities.Common.Core.csproj", "{CF1B9521-B066-42AE-AF13-902381DEB8EA}"
EndProject
Project("{9A19103F-16F7-4668-BE54-9A1E7A4F7556}") = "TrackableEntities.EF.Core", "..\..\Library\URF\TrackableEntities.EF.Core\TrackableEntities.EF.Core.csproj", "{70E61974-A124-49B6-AF05-09BCADA64D95}"
EndProject
Project("{9A19103F-16F7-4668-BE54-9A1E7A4F7556}") = "URF.Core.Abstractions", "..\..\Library\URF\URF.Core.Abstractions\URF.Core.Abstractions.csproj", "{38B74DC3-C118-4D26-9AA0-42BA179B2E1A}"
EndProject
Project("{9A19103F-16F7-4668-BE54-9A1E7A4F7556}") = "URF.Core.EF", "..\..\Library\URF\URF.Core.EF\URF.Core.EF.csproj", "{0609FF3E-F76A-45C2-89B8-2206FA71306B}"
EndProject
Project("{9A19103F-16F7-4668-BE54-9A1E7A4F7556}") = "RainMaker.Common", "RainMaker.Common\RainMaker.Common.csproj", "{D173BA52-962A-4B5F-B76A-AE575BFEC9E5}"
EndProject
Project("{9A19103F-16F7-4668-BE54-9A1E7A4F7556}") = "Rainmaker.Model", "Rainmaker.Model\Rainmaker.Model.csproj", "{30D6563B-91DB-4C26-9EA2-3A0AFE674F74}"
EndProject
Project("{9A19103F-16F7-4668-BE54-9A1E7A4F7556}") = "Rainmaker.Service", "Rainmaker.Service\Rainmaker.Service.csproj", "{B2CBB247-4E68-4E23-9358-69F74D6E53FF}"
EndProject
Global
	GlobalSection(SolutionConfigurationPlatforms) = preSolution
		Debug|Any CPU = Debug|Any CPU
		Release|Any CPU = Release|Any CPU
	EndGlobalSection
	GlobalSection(ProjectConfigurationPlatforms) = postSolution
		{1D800FCC-CBF4-46A2-9D25-49967D949BF1}.Debug|Any CPU.ActiveCfg = Debug|Any CPU
		{1D800FCC-CBF4-46A2-9D25-49967D949BF1}.Debug|Any CPU.Build.0 = Debug|Any CPU
		{1D800FCC-CBF4-46A2-9D25-49967D949BF1}.Release|Any CPU.ActiveCfg = Release|Any CPU
		{1D800FCC-CBF4-46A2-9D25-49967D949BF1}.Release|Any CPU.Build.0 = Release|Any CPU
		{71534247-8F19-44E8-9D1C-E7FB239108CF}.Debug|Any CPU.ActiveCfg = Debug|Any CPU
		{71534247-8F19-44E8-9D1C-E7FB239108CF}.Debug|Any CPU.Build.0 = Debug|Any CPU
		{71534247-8F19-44E8-9D1C-E7FB239108CF}.Release|Any CPU.ActiveCfg = Release|Any CPU
		{71534247-8F19-44E8-9D1C-E7FB239108CF}.Release|Any CPU.Build.0 = Release|Any CPU
		{3C0C2456-E6C1-4994-8D7E-4E3741682FE5}.Debug|Any CPU.ActiveCfg = Debug|Any CPU
		{3C0C2456-E6C1-4994-8D7E-4E3741682FE5}.Debug|Any CPU.Build.0 = Debug|Any CPU
		{3C0C2456-E6C1-4994-8D7E-4E3741682FE5}.Release|Any CPU.ActiveCfg = Release|Any CPU
		{3C0C2456-E6C1-4994-8D7E-4E3741682FE5}.Release|Any CPU.Build.0 = Release|Any CPU
		{CF1B9521-B066-42AE-AF13-902381DEB8EA}.Debug|Any CPU.ActiveCfg = Debug|Any CPU
		{CF1B9521-B066-42AE-AF13-902381DEB8EA}.Debug|Any CPU.Build.0 = Debug|Any CPU
		{CF1B9521-B066-42AE-AF13-902381DEB8EA}.Release|Any CPU.ActiveCfg = Release|Any CPU
		{CF1B9521-B066-42AE-AF13-902381DEB8EA}.Release|Any CPU.Build.0 = Release|Any CPU
		{70E61974-A124-49B6-AF05-09BCADA64D95}.Debug|Any CPU.ActiveCfg = Debug|Any CPU
		{70E61974-A124-49B6-AF05-09BCADA64D95}.Debug|Any CPU.Build.0 = Debug|Any CPU
		{70E61974-A124-49B6-AF05-09BCADA64D95}.Release|Any CPU.ActiveCfg = Release|Any CPU
		{70E61974-A124-49B6-AF05-09BCADA64D95}.Release|Any CPU.Build.0 = Release|Any CPU
		{38B74DC3-C118-4D26-9AA0-42BA179B2E1A}.Debug|Any CPU.ActiveCfg = Debug|Any CPU
		{38B74DC3-C118-4D26-9AA0-42BA179B2E1A}.Debug|Any CPU.Build.0 = Debug|Any CPU
		{38B74DC3-C118-4D26-9AA0-42BA179B2E1A}.Release|Any CPU.ActiveCfg = Release|Any CPU
		{38B74DC3-C118-4D26-9AA0-42BA179B2E1A}.Release|Any CPU.Build.0 = Release|Any CPU
		{0609FF3E-F76A-45C2-89B8-2206FA71306B}.Debug|Any CPU.ActiveCfg = Debug|Any CPU
		{0609FF3E-F76A-45C2-89B8-2206FA71306B}.Debug|Any CPU.Build.0 = Debug|Any CPU
		{0609FF3E-F76A-45C2-89B8-2206FA71306B}.Release|Any CPU.ActiveCfg = Release|Any CPU
		{0609FF3E-F76A-45C2-89B8-2206FA71306B}.Release|Any CPU.Build.0 = Release|Any CPU
		{D173BA52-962A-4B5F-B76A-AE575BFEC9E5}.Debug|Any CPU.ActiveCfg = Debug|Any CPU
		{D173BA52-962A-4B5F-B76A-AE575BFEC9E5}.Debug|Any CPU.Build.0 = Debug|Any CPU
		{D173BA52-962A-4B5F-B76A-AE575BFEC9E5}.Release|Any CPU.ActiveCfg = Release|Any CPU
		{D173BA52-962A-4B5F-B76A-AE575BFEC9E5}.Release|Any CPU.Build.0 = Release|Any CPU
		{30D6563B-91DB-4C26-9EA2-3A0AFE674F74}.Debug|Any CPU.ActiveCfg = Debug|Any CPU
		{30D6563B-91DB-4C26-9EA2-3A0AFE674F74}.Debug|Any CPU.Build.0 = Debug|Any CPU
		{30D6563B-91DB-4C26-9EA2-3A0AFE674F74}.Release|Any CPU.ActiveCfg = Release|Any CPU
		{30D6563B-91DB-4C26-9EA2-3A0AFE674F74}.Release|Any CPU.Build.0 = Release|Any CPU
		{B2CBB247-4E68-4E23-9358-69F74D6E53FF}.Debug|Any CPU.ActiveCfg = Debug|Any CPU
		{B2CBB247-4E68-4E23-9358-69F74D6E53FF}.Debug|Any CPU.Build.0 = Debug|Any CPU
		{B2CBB247-4E68-4E23-9358-69F74D6E53FF}.Release|Any CPU.ActiveCfg = Release|Any CPU
		{B2CBB247-4E68-4E23-9358-69F74D6E53FF}.Release|Any CPU.Build.0 = Release|Any CPU
	EndGlobalSection
	GlobalSection(SolutionProperties) = preSolution
		HideSolutionNode = FALSE
	EndGlobalSection
	GlobalSection(ExtensibilityGlobals) = postSolution
		SolutionGuid = {E071C3B5-EB19-43F9-931C-D3CC8A408C7C}
	EndGlobalSection
EndGlobal
