
Microsoft Visual Studio Solution File, Format Version 12.00
# Visual Studio Version 16
VisualStudioVersion = 16.0.30104.148
MinimumVisualStudioVersion = 10.0.40219.1
Project("{9A19103F-16F7-4668-BE54-9A1E7A4F7556}") = "DocumentManagement.Service", "DocumentManagement.Service\DocumentManagement.Service.csproj", "{2E8B79CD-BD3C-4ECF-B71F-3E64490202BB}"
EndProject
Project("{FAE04EC0-301F-11D3-BF4B-00C04F79EFBC}") = "DocumentManagement.Entity", "DocumentManagement.Entity\DocumentManagement.Entity.csproj", "{BEC372AA-93BD-41FB-BDD3-4EDFBC33700C}"
EndProject
Project("{9A19103F-16F7-4668-BE54-9A1E7A4F7556}") = "DocumentManagement.API", "DocumentManagement.API\DocumentManagement.API.csproj", "{2113E37E-2A6E-40A5-A036-EB7CFB1C468C}"
EndProject
Global
	GlobalSection(SolutionConfigurationPlatforms) = preSolution
		Debug|Any CPU = Debug|Any CPU
		Release|Any CPU = Release|Any CPU
	EndGlobalSection
	GlobalSection(ProjectConfigurationPlatforms) = postSolution
		{2E8B79CD-BD3C-4ECF-B71F-3E64490202BB}.Debug|Any CPU.ActiveCfg = Debug|Any CPU
		{2E8B79CD-BD3C-4ECF-B71F-3E64490202BB}.Debug|Any CPU.Build.0 = Debug|Any CPU
		{2E8B79CD-BD3C-4ECF-B71F-3E64490202BB}.Release|Any CPU.ActiveCfg = Release|Any CPU
		{2E8B79CD-BD3C-4ECF-B71F-3E64490202BB}.Release|Any CPU.Build.0 = Release|Any CPU
		{BEC372AA-93BD-41FB-BDD3-4EDFBC33700C}.Debug|Any CPU.ActiveCfg = Debug|Any CPU
		{BEC372AA-93BD-41FB-BDD3-4EDFBC33700C}.Debug|Any CPU.Build.0 = Debug|Any CPU
		{BEC372AA-93BD-41FB-BDD3-4EDFBC33700C}.Release|Any CPU.ActiveCfg = Release|Any CPU
		{BEC372AA-93BD-41FB-BDD3-4EDFBC33700C}.Release|Any CPU.Build.0 = Release|Any CPU
		{2113E37E-2A6E-40A5-A036-EB7CFB1C468C}.Debug|Any CPU.ActiveCfg = Debug|Any CPU
		{2113E37E-2A6E-40A5-A036-EB7CFB1C468C}.Debug|Any CPU.Build.0 = Debug|Any CPU
		{2113E37E-2A6E-40A5-A036-EB7CFB1C468C}.Release|Any CPU.ActiveCfg = Release|Any CPU
		{2113E37E-2A6E-40A5-A036-EB7CFB1C468C}.Release|Any CPU.Build.0 = Release|Any CPU
	EndGlobalSection
	GlobalSection(SolutionProperties) = preSolution
		HideSolutionNode = FALSE
	EndGlobalSection
	GlobalSection(ExtensibilityGlobals) = postSolution
		SolutionGuid = {FA05559A-66DE-41AA-B9BB-9F35CC154412}
	EndGlobalSection
EndGlobal
